// !$*UTF8*$!
{
	archiveVersion = 1;
	classes = {
	};
	objectVersion = 46;
	objects = {

/* Begin PBXBuildFile section */
		130A474D1AEE579E00420A23 /* AppDelegate.swift in Sources */ = {isa = PBXBuildFile; fileRef = 130A474C1AEE579E00420A23 /* AppDelegate.swift */; };
		130A474F1AEE579E00420A23 /* ViewController.swift in Sources */ = {isa = PBXBuildFile; fileRef = 130A474E1AEE579E00420A23 /* ViewController.swift */; };
		130A47521AEE579E00420A23 /* Main.storyboard in Resources */ = {isa = PBXBuildFile; fileRef = 130A47501AEE579E00420A23 /* Main.storyboard */; };
		130A47541AEE579E00420A23 /* Images.xcassets in Resources */ = {isa = PBXBuildFile; fileRef = 130A47531AEE579E00420A23 /* Images.xcassets */; };
		130A47571AEE579E00420A23 /* LaunchScreen.xib in Resources */ = {isa = PBXBuildFile; fileRef = 130A47551AEE579E00420A23 /* LaunchScreen.xib */; };
		130A47631AEE579E00420A23 /* TemperatureTests.swift in Sources */ = {isa = PBXBuildFile; fileRef = 130A47621AEE579E00420A23 /* TemperatureTests.swift */; };
/* End PBXBuildFile section */

/* Begin PBXContainerItemProxy section */
		130A475D1AEE579E00420A23 /* PBXContainerItemProxy */ = {
			isa = PBXContainerItemProxy;
			containerPortal = 130A473F1AEE579E00420A23 /* Project object */;
			proxyType = 1;
			remoteGlobalIDString = 130A47461AEE579E00420A23;
			remoteInfo = Temperature;
		};
/* End PBXContainerItemProxy section */

/* Begin PBXFileReference section */
		130A47471AEE579E00420A23 /* Temperature.app */ = {isa = PBXFileReference; explicitFileType = wrapper.application; includeInIndex = 0; path = Temperature.app; sourceTree = BUILT_PRODUCTS_DIR; };
		130A474B1AEE579E00420A23 /* Info.plist */ = {isa = PBXFileReference; lastKnownFileType = text.plist.xml; path = Info.plist; sourceTree = "<group>"; };
		130A474C1AEE579E00420A23 /* AppDelegate.swift */ = {isa = PBXFileReference; lastKnownFileType = sourcecode.swift; path = AppDelegate.swift; sourceTree = "<group>"; };
		130A474E1AEE579E00420A23 /* ViewController.swift */ = {isa = PBXFileReference; lastKnownFileType = sourcecode.swift; path = ViewController.swift; sourceTree = "<group>"; };
		130A47511AEE579E00420A23 /* Base */ = {isa = PBXFileReference; lastKnownFileType = file.storyboard; name = Base; path = Base.lproj/Main.storyboard; sourceTree = "<group>"; };
		130A47531AEE579E00420A23 /* Images.xcassets */ = {isa = PBXFileReference; lastKnownFileType = folder.assetcatalog; path = Images.xcassets; sourceTree = "<group>"; };
		130A47561AEE579E00420A23 /* Base */ = {isa = PBXFileReference; lastKnownFileType = file.xib; name = Base; path = Base.lproj/LaunchScreen.xib; sourceTree = "<group>"; };
		130A475C1AEE579E00420A23 /* TemperatureTests.xctest */ = {isa = PBXFileReference; explicitFileType = wrapper.cfbundle; includeInIndex = 0; path = TemperatureTests.xctest; sourceTree = BUILT_PRODUCTS_DIR; };
		130A47611AEE579E00420A23 /* Info.plist */ = {isa = PBXFileReference; lastKnownFileType = text.plist.xml; path = Info.plist; sourceTree = "<group>"; };
		130A47621AEE579E00420A23 /* TemperatureTests.swift */ = {isa = PBXFileReference; lastKnownFileType = sourcecode.swift; path = TemperatureTests.swift; sourceTree = "<group>"; };
/* End PBXFileReference section */

/* Begin PBXFrameworksBuildPhase section */
		130A47441AEE579E00420A23 /* Frameworks */ = {
			isa = PBXFrameworksBuildPhase;
			buildActionMask = 2147483647;
			files = (
			);
			runOnlyForDeploymentPostprocessing = 0;
		};
		130A47591AEE579E00420A23 /* Frameworks */ = {
			isa = PBXFrameworksBuildPhase;
			buildActionMask = 2147483647;
			files = (
			);
			runOnlyForDeploymentPostprocessing = 0;
		};
/* End PBXFrameworksBuildPhase section */

/* Begin PBXGroup section */
		130A473E1AEE579E00420A23 = {
			isa = PBXGroup;
			children = (
				130A47491AEE579E00420A23 /* Temperature */,
				130A475F1AEE579E00420A23 /* TemperatureTests */,
				130A47481AEE579E00420A23 /* Products */,
			);
			sourceTree = "<group>";
		};
		130A47481AEE579E00420A23 /* Products */ = {
			isa = PBXGroup;
			children = (
				130A47471AEE579E00420A23 /* Temperature.app */,
				130A475C1AEE579E00420A23 /* TemperatureTests.xctest */,
			);
			name = Products;
			sourceTree = "<group>";
		};
		130A47491AEE579E00420A23 /* Temperature */ = {
			isa = PBXGroup;
			children = (
				130A474C1AEE579E00420A23 /* AppDelegate.swift */,
				130A474E1AEE579E00420A23 /* ViewController.swift */,
				130A47501AEE579E00420A23 /* Main.storyboard */,
				130A47531AEE579E00420A23 /* Images.xcassets */,
				130A47551AEE579E00420A23 /* LaunchScreen.xib */,
				130A474A1AEE579E00420A23 /* Supporting Files */,
			);
			path = Temperature;
			sourceTree = "<group>";
		};
		130A474A1AEE579E00420A23 /* Supporting Files */ = {
			isa = PBXGroup;
			children = (
				130A474B1AEE579E00420A23 /* Info.plist */,
			);
			name = "Supporting Files";
			sourceTree = "<group>";
		};
		130A475F1AEE579E00420A23 /* TemperatureTests */ = {
			isa = PBXGroup;
			children = (
				130A47621AEE579E00420A23 /* TemperatureTests.swift */,
				130A47601AEE579E00420A23 /* Supporting Files */,
			);
			path = TemperatureTests;
			sourceTree = "<group>";
		};
		130A47601AEE579E00420A23 /* Supporting Files */ = {
			isa = PBXGroup;
			children = (
				130A47611AEE579E00420A23 /* Info.plist */,
			);
			name = "Supporting Files";
			sourceTree = "<group>";
		};
/* End PBXGroup section */

/* Begin PBXNativeTarget section */
		130A47461AEE579E00420A23 /* Temperature */ = {
			isa = PBXNativeTarget;
			buildConfigurationList = 130A47661AEE579E00420A23 /* Build configuration list for PBXNativeTarget "Temperature" */;
			buildPhases = (
				130A47431AEE579E00420A23 /* Sources */,
				130A47441AEE579E00420A23 /* Frameworks */,
				130A47451AEE579E00420A23 /* Resources */,
			);
			buildRules = (
			);
			dependencies = (
			);
			name = Temperature;
			productName = Temperature;
			productReference = 130A47471AEE579E00420A23 /* Temperature.app */;
			productType = "com.apple.product-type.application";
		};
		130A475B1AEE579E00420A23 /* TemperatureTests */ = {
			isa = PBXNativeTarget;
			buildConfigurationList = 130A47691AEE579E00420A23 /* Build configuration list for PBXNativeTarget "TemperatureTests" */;
			buildPhases = (
				130A47581AEE579E00420A23 /* Sources */,
				130A47591AEE579E00420A23 /* Frameworks */,
				130A475A1AEE579E00420A23 /* Resources */,
			);
			buildRules = (
			);
			dependencies = (
				130A475E1AEE579E00420A23 /* PBXTargetDependency */,
			);
			name = TemperatureTests;
			productName = TemperatureTests;
			productReference = 130A475C1AEE579E00420A23 /* TemperatureTests.xctest */;
			productType = "com.apple.product-type.bundle.unit-test";
		};
/* End PBXNativeTarget section */

/* Begin PBXProject section */
		130A473F1AEE579E00420A23 /* Project object */ = {
			isa = PBXProject;
			attributes = {
				LastUpgradeCheck = 0630;
				ORGANIZATIONNAME = RopelOfSweden;
				TargetAttributes = {
					130A47461AEE579E00420A23 = {
						CreatedOnToolsVersion = 6.3;
					};
					130A475B1AEE579E00420A23 = {
						CreatedOnToolsVersion = 6.3;
						TestTargetID = 130A47461AEE579E00420A23;
					};
				};
			};
			buildConfigurationList = 130A47421AEE579E00420A23 /* Build configuration list for PBXProject "Temperature" */;
			compatibilityVersion = "Xcode 3.2";
			developmentRegion = English;
			hasScannedForEncodings = 0;
			knownRegions = (
				en,
				Base,
			);
			mainGroup = 130A473E1AEE579E00420A23;
			productRefGroup = 130A47481AEE579E00420A23 /* Products */;
			projectDirPath = "";
			projectRoot = "";
			targets = (
				130A47461AEE579E00420A23 /* Temperature */,
				130A475B1AEE579E00420A23 /* TemperatureTests */,
			);
		};
/* End PBXProject section */

/* Begin PBXResourcesBuildPhase section */
		130A47451AEE579E00420A23 /* Resources */ = {
			isa = PBXResourcesBuildPhase;
			buildActionMask = 2147483647;
			files = (
				130A47521AEE579E00420A23 /* Main.storyboard in Resources */,
				130A47571AEE579E00420A23 /* LaunchScreen.xib in Resources */,
				130A47541AEE579E00420A23 /* Images.xcassets in Resources */,
			);
			runOnlyForDeploymentPostprocessing = 0;
		};
		130A475A1AEE579E00420A23 /* Resources */ = {
			isa = PBXResourcesBuildPhase;
			buildActionMask = 2147483647;
			files = (
			);
			runOnlyForDeploymentPostprocessing = 0;
		};
/* End PBXResourcesBuildPhase section */

/* Begin PBXSourcesBuildPhase section */
		130A47431AEE579E00420A23 /* Sources */ = {
			isa = PBXSourcesBuildPhase;
			buildActionMask = 2147483647;
			files = (
				130A474F1AEE579E00420A23 /* ViewController.swift in Sources */,
				130A474D1AEE579E00420A23 /* AppDelegate.swift in Sources */,
			);
			runOnlyForDeploymentPostprocessing = 0;
		};
		130A47581AEE579E00420A23 /* Sources */ = {
			isa = PBXSourcesBuildPhase;
			buildActionMask = 2147483647;
			files = (
				130A47631AEE579E00420A23 /* TemperatureTests.swift in Sources */,
			);
			runOnlyForDeploymentPostprocessing = 0;
		};
/* End PBXSourcesBuildPhase section */

/* Begin PBXTargetDependency section */
		130A475E1AEE579E00420A23 /* PBXTargetDependency */ = {
			isa = PBXTargetDependency;
			target = 130A47461AEE579E00420A23 /* Temperature */;
			targetProxy = 130A475D1AEE579E00420A23 /* PBXContainerItemProxy */;
		};
/* End PBXTargetDependency section */

/* Begin PBXVariantGroup section */
		130A47501AEE579E00420A23 /* Main.storyboard */ = {
			isa = PBXVariantGroup;
			children = (
				130A47511AEE579E00420A23 /* Base */,
			);
			name = Main.storyboard;
			sourceTree = "<group>";
		};
		130A47551AEE579E00420A23 /* LaunchScreen.xib */ = {
			isa = PBXVariantGroup;
			children = (
				130A47561AEE579E00420A23 /* Base */,
			);
			name = LaunchScreen.xib;
			sourceTree = "<group>";
		};
/* End PBXVariantGroup section */

/* Begin XCBuildConfiguration section */
		130A47641AEE579E00420A23 /* Debug */ = {
			isa = XCBuildConfiguration;
			buildSettings = {
				ALWAYS_SEARCH_USER_PATHS = NO;
				CLANG_CXX_LANGUAGE_STANDARD = "gnu++0x";
				CLANG_CXX_LIBRARY = "libc++";
				CLANG_ENABLE_MODULES = YES;
				CLANG_ENABLE_OBJC_ARC = YES;
				CLANG_WARN_BOOL_CONVERSION = YES;
				CLANG_WARN_CONSTANT_CONVERSION = YES;
				CLANG_WARN_DIRECT_OBJC_ISA_USAGE = YES_ERROR;
				CLANG_WARN_EMPTY_BODY = YES;
				CLANG_WARN_ENUM_CONVERSION = YES;
				CLANG_WARN_INT_CONVERSION = YES;
				CLANG_WARN_OBJC_ROOT_CLASS = YES_ERROR;
				CLANG_WARN_UNREACHABLE_CODE = YES;
				CLANG_WARN__DUPLICATE_METHOD_MATCH = YES;
				"CODE_SIGN_IDENTITY[sdk=iphoneos*]" = "iPhone Developer";
				COPY_PHASE_STRIP = NO;
				DEBUG_INFORMATION_FORMAT = "dwarf-with-dsym";
				ENABLE_STRICT_OBJC_MSGSEND = YES;
				GCC_C_LANGUAGE_STANDARD = gnu99;
				GCC_DYNAMIC_NO_PIC = NO;
				GCC_NO_COMMON_BLOCKS = YES;
				GCC_OPTIMIZATION_LEVEL = 0;
				GCC_PREPROCESSOR_DEFINITIONS = (
					"DEBUG=1",
					"$(inherited)",
				);
				GCC_SYMBOLS_PRIVATE_EXTERN = NO;
				GCC_WARN_64_TO_32_BIT_CONVERSION = YES;
				GCC_WARN_ABOUT_RETURN_TYPE = YES_ERROR;
				GCC_WARN_UNDECLARED_SELECTOR = YES;
				GCC_WARN_UNINITIALIZED_AUTOS = YES_AGGRESSIVE;
				GCC_WARN_UNUSED_FUNCTION = YES;
				GCC_WARN_UNUSED_VARIABLE = YES;
				IPHONEOS_DEPLOYMENT_TARGET = 8.3;
				MTL_ENABLE_DEBUG_INFO = YES;
				ONLY_ACTIVE_ARCH = YES;
				SDKROOT = iphoneos;
				SWIFT_OPTIMIZATION_LEVEL = "-Onone";
			};
			name = Debug;
		};
		130A47651AEE579E00420A23 /* Release */ = {
			isa = XCBuildConfiguration;
			buildSettings = {
				ALWAYS_SEARCH_USER_PATHS = NO;
				CLANG_CXX_LANGUAGE_STANDARD = "gnu++0x";
				CLANG_CXX_LIBRARY = "libc++";
				CLANG_ENABLE_MODULES = YES;
				CLANG_ENABLE_OBJC_ARC = YES;
				CLANG_WARN_BOOL_CONVERSION = YES;
				CLANG_WARN_CONSTANT_CONVERSION = YES;
				CLANG_WARN_DIRECT_OBJC_ISA_USAGE = YES_ERROR;
				CLANG_WARN_EMPTY_BODY = YES;
				CLANG_WARN_ENUM_CONVERSION = YES;
				CLANG_WARN_INT_CONVERSION = YES;
				CLANG_WARN_OBJC_ROOT_CLASS = YES_ERROR;
				CLANG_WARN_UNREACHABLE_CODE = YES;
				CLANG_WARN__DUPLICATE_METHOD_MATCH = YES;
				"CODE_SIGN_IDENTITY[sdk=iphoneos*]" = "iPhone Developer";
				COPY_PHASE_STRIP = NO;
				DEBUG_INFORMATION_FORMAT = "dwarf-with-dsym";
				ENABLE_NS_ASSERTIONS = NO;
				ENABLE_STRICT_OBJC_MSGSEND = YES;
				GCC_C_LANGUAGE_STANDARD = gnu99;
				GCC_NO_COMMON_BLOCKS = YES;
				GCC_WARN_64_TO_32_BIT_CONVERSION = YES;
				GCC_WARN_ABOUT_RETURN_TYPE = YES_ERROR;
				GCC_WARN_UNDECLARED_SELECTOR = YES;
				GCC_WARN_UNINITIALIZED_AUTOS = YES_AGGRESSIVE;
				GCC_WARN_UNUSED_FUNCTION = YES;
				GCC_WARN_UNUSED_VARIABLE = YES;
				IPHONEOS_DEPLOYMENT_TARGET = 8.3;
				MTL_ENABLE_DEBUG_INFO = NO;
				SDKROOT = iphoneos;
				VALIDATE_PRODUCT = YES;
			};
			name = Release;
		};
		130A47671AEE579E00420A23 /* Debug */ = {
			isa = XCBuildConfiguration;
			buildSettings = {
				ASSETCATALOG_COMPILER_APPICON_NAME = AppIcon;
				INFOPLIST_FILE = Temperature/Info.plist;
				LD_RUNPATH_SEARCH_PATHS = "$(inherited) @executable_path/Frameworks";
				PRODUCT_NAME = "$(TARGET_NAME)";
			};
			name = Debug;
		};
		130A47681AEE579E00420A23 /* Release */ = {
			isa = XCBuildConfiguration;
			buildSettings = {
				ASSETCATALOG_COMPILER_APPICON_NAME = AppIcon;
				INFOPLIST_FILE = Temperature/Info.plist;
				LD_RUNPATH_SEARCH_PATHS = "$(inherited) @executable_path/Frameworks";
				PRODUCT_NAME = "$(TARGET_NAME)";
			};
			name = Release;
		};
		130A476A1AEE579E00420A23 /* Debug */ = {
			isa = XCBuildConfiguration;
			buildSettings = {
				BUNDLE_LOADER = "$(TEST_HOST)";
				FRAMEWORK_SEARCH_PATHS = (
					"$(SDKROOT)/Developer/Library/Frameworks",
					"$(inherited)",
				);
				GCC_PREPROCESSOR_DEFINITIONS = (
					"DEBUG=1",
					"$(inherited)",
				);
				INFOPLIST_FILE = TemperatureTests/Info.plist;
				LD_RUNPATH_SEARCH_PATHS = "$(inherited) @executable_path/Frameworks @loader_path/Frameworks";
				PRODUCT_NAME = "$(TARGET_NAME)";
				TEST_HOST = "$(BUILT_PRODUCTS_DIR)/Temperature.app/Temperature";
			};
			name = Debug;
		};
		130A476B1AEE579E00420A23 /* Release */ = {
			isa = XCBuildConfiguration;
			buildSettings = {
				BUNDLE_LOADER = "$(TEST_HOST)";
				FRAMEWORK_SEARCH_PATHS = (
					"$(SDKROOT)/Developer/Library/Frameworks",
					"$(inherited)",
				);
				INFOPLIST_FILE = TemperatureTests/Info.plist;
				LD_RUNPATH_SEARCH_PATHS = "$(inherited) @executable_path/Frameworks @loader_path/Frameworks";
				PRODUCT_NAME = "$(TARGET_NAME)";
				TEST_HOST = "$(BUILT_PRODUCTS_DIR)/Temperature.app/Temperature";
			};
			name = Release;
		};
/* End XCBuildConfiguration section */

/* Begin XCConfigurationList section */
		130A47421AEE579E00420A23 /* Build configuration list for PBXProject "Temperature" */ = {
			isa = XCConfigurationList;
			buildConfigurations = (
				130A47641AEE579E00420A23 /* Debug */,
				130A47651AEE579E00420A23 /* Release */,
			);
			defaultConfigurationIsVisible = 0;
			defaultConfigurationName = Release;
		};
		130A47661AEE579E00420A23 /* Build configuration list for PBXNativeTarget "Temperature" */ = {
			isa = XCConfigurationList;
			buildConfigurations = (
				130A47671AEE579E00420A23 /* Debug */,
				130A47681AEE579E00420A23 /* Release */,
			);
			defaultConfigurationIsVisible = 0;
		};
		130A47691AEE579E00420A23 /* Build configuration list for PBXNativeTarget "TemperatureTests" */ = {
			isa = XCConfigurationList;
			buildConfigurations = (
				130A476A1AEE579E00420A23 /* Debug */,
				130A476B1AEE579E00420A23 /* Release */,
			);
			defaultConfigurationIsVisible = 0;
		};
/* End XCConfigurationList section */
	};
	rootObject = 130A473F1AEE579E00420A23 /* Project object */;
}
